%{"hackney": {:hex, :hackney, "0.14.3", "fb8c6946bef651c6796f46fbee5d3891581b755baa9d373bc2da97c0ffa56ff1", [:make, :rebar], [{:idna, "1.0.1", [hex: :idna, optional: false]}]},
  "httpoison": {:hex, :httpoison, "0.4.3", "6fc5fe17733d296c53db51ad751e1b3d8d1b4cd68b4a1d556fd9a1fecfc7786c", [:mix], [{:hackney, "~> 0.14.1", [hex: :hackney, optional: false]}]},
  "idna": {:hex, :idna, "1.0.1", "bfbf4ae0f4d346d46726d9d3084a84ffaef5fd2a0299090da07dcf65ea2088eb", [:make], []}}
